
Microsoft Visual Studio Solution File, Format Version 12.00
# Visual Studio 15
VisualStudioVersion = 15.0.26403.3
MinimumVisualStudioVersion = 10.0.40219.1
Project("{FAE04EC0-301F-11D3-BF4B-00C04F79EFBC}") = "2014150654", "2014150654\2014150654.csproj", "{824D8B02-5938-40EA-8383-F1F2B0A03902}"
EndProject
Project("{FAE04EC0-301F-11D3-BF4B-00C04F79EFBC}") = "2014150654-ENT", "2014150654-ENT\2014150654-ENT.csproj", "{3E55601C-1F0C-4277-9897-BF01DC407B59}"
EndProject
Project("{FAE04EC0-301F-11D3-BF4B-00C04F79EFBC}") = "2014150654-PER", "2014150654-PER\2014150654-PER.csproj", "{B2850E69-1185-4729-ADAE-0AEFF2C89A21}"
EndProject
Project("{FAE04EC0-301F-11D3-BF4B-00C04F79EFBC}") = "2014150654.MVC", "2014150654.MVC\2014150654.MVC.csproj", "{CD4EC976-99B0-46F7-BC42-E517E977BDE3}"
EndProject
Project("{FAE04EC0-301F-11D3-BF4B-00C04F79EFBC}") = "2014150654.API", "2014150654.API\2014150654.API.csproj", "{9390AD8E-0083-4639-A939-6541C8218EDA}"
EndProject
Global
	GlobalSection(SolutionConfigurationPlatforms) = preSolution
		Debug|Any CPU = Debug|Any CPU
		Release|Any CPU = Release|Any CPU
	EndGlobalSection
	GlobalSection(ProjectConfigurationPlatforms) = postSolution
		{824D8B02-5938-40EA-8383-F1F2B0A03902}.Debug|Any CPU.ActiveCfg = Debug|Any CPU
		{824D8B02-5938-40EA-8383-F1F2B0A03902}.Debug|Any CPU.Build.0 = Debug|Any CPU
		{824D8B02-5938-40EA-8383-F1F2B0A03902}.Release|Any CPU.ActiveCfg = Release|Any CPU
		{824D8B02-5938-40EA-8383-F1F2B0A03902}.Release|Any CPU.Build.0 = Release|Any CPU
		{3E55601C-1F0C-4277-9897-BF01DC407B59}.Debug|Any CPU.ActiveCfg = Debug|Any CPU
		{3E55601C-1F0C-4277-9897-BF01DC407B59}.Debug|Any CPU.Build.0 = Debug|Any CPU
		{3E55601C-1F0C-4277-9897-BF01DC407B59}.Release|Any CPU.ActiveCfg = Release|Any CPU
		{3E55601C-1F0C-4277-9897-BF01DC407B59}.Release|Any CPU.Build.0 = Release|Any CPU
		{B2850E69-1185-4729-ADAE-0AEFF2C89A21}.Debug|Any CPU.ActiveCfg = Debug|Any CPU
		{B2850E69-1185-4729-ADAE-0AEFF2C89A21}.Debug|Any CPU.Build.0 = Debug|Any CPU
		{B2850E69-1185-4729-ADAE-0AEFF2C89A21}.Release|Any CPU.ActiveCfg = Release|Any CPU
		{B2850E69-1185-4729-ADAE-0AEFF2C89A21}.Release|Any CPU.Build.0 = Release|Any CPU
		{CD4EC976-99B0-46F7-BC42-E517E977BDE3}.Debug|Any CPU.ActiveCfg = Debug|Any CPU
		{CD4EC976-99B0-46F7-BC42-E517E977BDE3}.Debug|Any CPU.Build.0 = Debug|Any CPU
		{CD4EC976-99B0-46F7-BC42-E517E977BDE3}.Release|Any CPU.ActiveCfg = Release|Any CPU
		{CD4EC976-99B0-46F7-BC42-E517E977BDE3}.Release|Any CPU.Build.0 = Release|Any CPU
		{9390AD8E-0083-4639-A939-6541C8218EDA}.Debug|Any CPU.ActiveCfg = Debug|Any CPU
		{9390AD8E-0083-4639-A939-6541C8218EDA}.Debug|Any CPU.Build.0 = Debug|Any CPU
		{9390AD8E-0083-4639-A939-6541C8218EDA}.Release|Any CPU.ActiveCfg = Release|Any CPU
		{9390AD8E-0083-4639-A939-6541C8218EDA}.Release|Any CPU.Build.0 = Release|Any CPU
	EndGlobalSection
	GlobalSection(SolutionProperties) = preSolution
		HideSolutionNode = FALSE
	EndGlobalSection
EndGlobal
